
Microsoft Visual Studio Solution File, Format Version 12.00
# Visual Studio Version 17
VisualStudioVersion = 17.9.34714.143
MinimumVisualStudioVersion = 10.0.40219.1
Project("{FAE04EC0-301F-11D3-BF4B-00C04F79EFBC}") = "ToDoList", "ToDoList.csproj", "{EFEDFA66-77E2-437D-B30C-1CC7AD29AE4A}"
EndProject
Global
	GlobalSection(SolutionConfigurationPlatforms) = preSolution
		Debug|Any CPU = Debug|Any CPU
		Release|Any CPU = Release|Any CPU
	EndGlobalSection
	GlobalSection(ProjectConfigurationPlatforms) = postSolution
		{EFEDFA66-77E2-437D-B30C-1CC7AD29AE4A}.Debug|Any CPU.ActiveCfg = Debug|Any CPU
		{EFEDFA66-77E2-437D-B30C-1CC7AD29AE4A}.Debug|Any CPU.Build.0 = Debug|Any CPU
		{EFEDFA66-77E2-437D-B30C-1CC7AD29AE4A}.Release|Any CPU.ActiveCfg = Release|Any CPU
		{EFEDFA66-77E2-437D-B30C-1CC7AD29AE4A}.Release|Any CPU.Build.0 = Release|Any CPU
	EndGlobalSection
	GlobalSection(SolutionProperties) = preSolution
		HideSolutionNode = FALSE
	EndGlobalSection
	GlobalSection(ExtensibilityGlobals) = postSolution
		SolutionGuid = {59966A8E-EDFB-44A1-88B5-F422216B926D}
	EndGlobalSection
EndGlobal
